
Microsoft Visual Studio Solution File, Format Version 12.00
# Visual Studio Version 17
VisualStudioVersion = 17.5.33530.505
MinimumVisualStudioVersion = 10.0.40219.1
Project("{FAE04EC0-301F-11D3-BF4B-00C04F79EFBC}") = "DppPizzaci", "DppPizzaci\DppPizzaci.csproj", "{6F9B9A6F-BF44-4FAB-B99A-BC473B204E01}"
EndProject
Global
	GlobalSection(SolutionConfigurationPlatforms) = preSolution
		Debug|Any CPU = Debug|Any CPU
		Release|Any CPU = Release|Any CPU
	EndGlobalSection
	GlobalSection(ProjectConfigurationPlatforms) = postSolution
		{6F9B9A6F-BF44-4FAB-B99A-BC473B204E01}.Debug|Any CPU.ActiveCfg = Debug|Any CPU
		{6F9B9A6F-BF44-4FAB-B99A-BC473B204E01}.Debug|Any CPU.Build.0 = Debug|Any CPU
		{6F9B9A6F-BF44-4FAB-B99A-BC473B204E01}.Release|Any CPU.ActiveCfg = Release|Any CPU
		{6F9B9A6F-BF44-4FAB-B99A-BC473B204E01}.Release|Any CPU.Build.0 = Release|Any CPU
	EndGlobalSection
	GlobalSection(SolutionProperties) = preSolution
		HideSolutionNode = FALSE
	EndGlobalSection
	GlobalSection(ExtensibilityGlobals) = postSolution
		SolutionGuid = {19B0C14E-4489-4817-9049-5BB9426E78E2}
	EndGlobalSection
EndGlobal
